
Microsoft Visual Studio Solution File, Format Version 12.00
# Visual Studio 2012
Project("{FAE04EC0-301F-11D3-BF4B-00C04F79EFBC}") = "Euler9", "Euler9\Euler9.csproj", "{A4A41B9A-F31D-4458-8DC1-4EC61A549BCC}"
EndProject
Global
	GlobalSection(SolutionConfigurationPlatforms) = preSolution
		Debug|x86 = Debug|x86
		Release|x86 = Release|x86
	EndGlobalSection
	GlobalSection(ProjectConfigurationPlatforms) = postSolution
		{A4A41B9A-F31D-4458-8DC1-4EC61A549BCC}.Debug|x86.ActiveCfg = Debug|x86
		{A4A41B9A-F31D-4458-8DC1-4EC61A549BCC}.Debug|x86.Build.0 = Debug|x86
		{A4A41B9A-F31D-4458-8DC1-4EC61A549BCC}.Release|x86.ActiveCfg = Release|x86
		{A4A41B9A-F31D-4458-8DC1-4EC61A549BCC}.Release|x86.Build.0 = Release|x86
	EndGlobalSection
EndGlobal
